NeoBundleLock ctrlp.vim b5d3fe66a58a13d2ff8b6391f4387608496a030f
NeoBundleLock html5.vim e5f9168812dbb2f32f6180173ea94f957ca5efc8
NeoBundleLock neobundle.vim f5ace1d749382ab5e5a22670d57c61303a927b72
NeoBundleLock neocomplete.vim 55bb5f8bef3de4d361077ae321bb4354d886782b
NeoBundleLock php.vim 3ef881bbd32f1c7162b03f5be915172c9f2100cc
NeoBundleLock syntastic ac96ae4a2733342a86929fb3b3a1ecaddfaad2fb
NeoBundleLock vdebug 13640276b95125f84f3f1518f07afb3c2542ac35
NeoBundleLock vim-abolish 665bed73aded4049a6d9bdaf3c87ee69af983abb
NeoBundleLock vim-css3-syntax 2258f16c4264c6be175c51ae312581108d2ea228
NeoBundleLock vim-git 36126609572d95e93cc8b06f73670fbbf3a3736a
NeoBundleLock vim-jade 437ce8608b8cc347ab790d98b09bf4461a2de8f2
NeoBundleLock vim-javascript e9709a9fb29ed0739eb244b5e70211c1ab647535
NeoBundleLock vim-json a30c02763256e085cd84a99a7de6080c2825f490
NeoBundleLock vim-monokai 3103dcb2470d26a78512aacf2062bdba50e5dc3a
NeoBundleLock vimproc 0f68bcd93399ecbcde3eaa4efd09107314c9bdee
